
Microsoft Visual Studio Solution File, Format Version 12.00
# Visual Studio 14
VisualStudioVersion = 14.0.25420.1
MinimumVisualStudioVersion = 10.0.40219.1
Project("{FAE04EC0-301F-11D3-BF4B-00C04F79EFBC}") = "Lab2_Demo", "Lab2_Demo\Lab2_Demo.csproj", "{A2231158-CC28-4AA0-8BAC-6FB0F067A49F}"
EndProject
Project("{FAE04EC0-301F-11D3-BF4B-00C04F79EFBC}") = "Lab02_BangGiaoVien", "Lab02_BangGiaoVien\Lab02_BangGiaoVien.csproj", "{412F8DEC-9CD5-44F6-A620-AA590FE9221C}"
EndProject
Global
	GlobalSection(SolutionConfigurationPlatforms) = preSolution
		Debug|Any CPU = Debug|Any CPU
		Release|Any CPU = Release|Any CPU
	EndGlobalSection
	GlobalSection(ProjectConfigurationPlatforms) = postSolution
		{A2231158-CC28-4AA0-8BAC-6FB0F067A49F}.Debug|Any CPU.ActiveCfg = Debug|Any CPU
		{A2231158-CC28-4AA0-8BAC-6FB0F067A49F}.Debug|Any CPU.Build.0 = Debug|Any CPU
		{A2231158-CC28-4AA0-8BAC-6FB0F067A49F}.Release|Any CPU.ActiveCfg = Release|Any CPU
		{A2231158-CC28-4AA0-8BAC-6FB0F067A49F}.Release|Any CPU.Build.0 = Release|Any CPU
		{412F8DEC-9CD5-44F6-A620-AA590FE9221C}.Debug|Any CPU.ActiveCfg = Debug|Any CPU
		{412F8DEC-9CD5-44F6-A620-AA590FE9221C}.Debug|Any CPU.Build.0 = Debug|Any CPU
		{412F8DEC-9CD5-44F6-A620-AA590FE9221C}.Release|Any CPU.ActiveCfg = Release|Any CPU
		{412F8DEC-9CD5-44F6-A620-AA590FE9221C}.Release|Any CPU.Build.0 = Release|Any CPU
	EndGlobalSection
	GlobalSection(SolutionProperties) = preSolution
		HideSolutionNode = FALSE
	EndGlobalSection
EndGlobal
